
Microsoft Visual Studio Solution File, Format Version 12.00
# Visual Studio Version 17
VisualStudioVersion = 17.14.36511.14
MinimumVisualStudioVersion = 10.0.40219.1
Project("{FAE04EC0-301F-11D3-BF4B-00C04F79EFBC}") = "Ejercicio_1", "Ejercicio_1\Ejercicio_1.csproj", "{3D22F06E-0FD4-0273-AFB6-122AF9D688C9}"
EndProject
Project("{FAE04EC0-301F-11D3-BF4B-00C04F79EFBC}") = "Ejercicio_2", "Ejercicio_2\Ejercicio_2.csproj", "{99FCFD93-236E-5337-CF39-A2A678D40654}"
EndProject
Project("{FAE04EC0-301F-11D3-BF4B-00C04F79EFBC}") = "Ejercicio_3", "Ejercicio_3\Ejercicio_3.csproj", "{8F673705-DBEE-8149-235A-2C3494CC2132}"
EndProject
Project("{FAE04EC0-301F-11D3-BF4B-00C04F79EFBC}") = "Ejercicio_4", "Ejercicio_4\Ejercicio_4.csproj", "{E208E22A-E85C-F54E-FD64-BF0EB53B4F98}"
EndProject
Project("{FAE04EC0-301F-11D3-BF4B-00C04F79EFBC}") = "Ejercicio_5", "Ejercicio_5\Ejercicio_5.csproj", "{575DC99F-DCB5-DFAA-E737-2DBD8B324A4D}"
EndProject
Project("{FAE04EC0-301F-11D3-BF4B-00C04F79EFBC}") = "Ejercicio_6", "Ejercicio_6\Ejercicio_6.csproj", "{440D8FF0-FE0F-80B2-55EC-8812B0FF6F5B}"
EndProject
Project("{FAE04EC0-301F-11D3-BF4B-00C04F79EFBC}") = "Ejercicio_7", "Ejercicio_7\Ejercicio_7.csproj", "{9375C42E-C9FE-3AFC-3A4B-2DD0C9FF4DB7}"
EndProject
Project("{FAE04EC0-301F-11D3-BF4B-00C04F79EFBC}") = "Ejercicio_8", "Ejercicio_8\Ejercicio_8.csproj", "{D5D6764A-E232-CD13-0CE1-6A4450D76ABE}"
EndProject
Project("{FAE04EC0-301F-11D3-BF4B-00C04F79EFBC}") = "Ejercicio_9", "Ejercicio_9\Ejercicio_9.csproj", "{3F655ACD-6A93-D015-54F3-3E836E57805B}"
EndProject
Project("{FAE04EC0-301F-11D3-BF4B-00C04F79EFBC}") = "Ejercicio_10", "Ejercicio_10\Ejercicio_10.csproj", "{440EE49C-3692-E6AA-0375-19F8FE232BC8}"
EndProject
Project("{FAE04EC0-301F-11D3-BF4B-00C04F79EFBC}") = "Ejercicio_11", "Ejercicio_11\Ejercicio_11.csproj", "{3F228F08-C0E5-1E1D-5E72-C58872A56EEA}"
EndProject
Global
	GlobalSection(SolutionConfigurationPlatforms) = preSolution
		Debug|Any CPU = Debug|Any CPU
		Release|Any CPU = Release|Any CPU
	EndGlobalSection
	GlobalSection(ProjectConfigurationPlatforms) = postSolution
		{3D22F06E-0FD4-0273-AFB6-122AF9D688C9}.Debug|Any CPU.ActiveCfg = Debug|Any CPU
		{3D22F06E-0FD4-0273-AFB6-122AF9D688C9}.Debug|Any CPU.Build.0 = Debug|Any CPU
		{3D22F06E-0FD4-0273-AFB6-122AF9D688C9}.Release|Any CPU.ActiveCfg = Release|Any CPU
		{3D22F06E-0FD4-0273-AFB6-122AF9D688C9}.Release|Any CPU.Build.0 = Release|Any CPU
		{99FCFD93-236E-5337-CF39-A2A678D40654}.Debug|Any CPU.ActiveCfg = Debug|Any CPU
		{99FCFD93-236E-5337-CF39-A2A678D40654}.Debug|Any CPU.Build.0 = Debug|Any CPU
		{99FCFD93-236E-5337-CF39-A2A678D40654}.Release|Any CPU.ActiveCfg = Release|Any CPU
		{99FCFD93-236E-5337-CF39-A2A678D40654}.Release|Any CPU.Build.0 = Release|Any CPU
		{8F673705-DBEE-8149-235A-2C3494CC2132}.Debug|Any CPU.ActiveCfg = Debug|Any CPU
		{8F673705-DBEE-8149-235A-2C3494CC2132}.Debug|Any CPU.Build.0 = Debug|Any CPU
		{8F673705-DBEE-8149-235A-2C3494CC2132}.Release|Any CPU.ActiveCfg = Release|Any CPU
		{8F673705-DBEE-8149-235A-2C3494CC2132}.Release|Any CPU.Build.0 = Release|Any CPU
		{E208E22A-E85C-F54E-FD64-BF0EB53B4F98}.Debug|Any CPU.ActiveCfg = Debug|Any CPU
		{E208E22A-E85C-F54E-FD64-BF0EB53B4F98}.Debug|Any CPU.Build.0 = Debug|Any CPU
		{E208E22A-E85C-F54E-FD64-BF0EB53B4F98}.Release|Any CPU.ActiveCfg = Release|Any CPU
		{E208E22A-E85C-F54E-FD64-BF0EB53B4F98}.Release|Any CPU.Build.0 = Release|Any CPU
		{575DC99F-DCB5-DFAA-E737-2DBD8B324A4D}.Debug|Any CPU.ActiveCfg = Debug|Any CPU
		{575DC99F-DCB5-DFAA-E737-2DBD8B324A4D}.Debug|Any CPU.Build.0 = Debug|Any CPU
		{575DC99F-DCB5-DFAA-E737-2DBD8B324A4D}.Release|Any CPU.ActiveCfg = Release|Any CPU
		{575DC99F-DCB5-DFAA-E737-2DBD8B324A4D}.Release|Any CPU.Build.0 = Release|Any CPU
		{440D8FF0-FE0F-80B2-55EC-8812B0FF6F5B}.Debug|Any CPU.ActiveCfg = Debug|Any CPU
		{440D8FF0-FE0F-80B2-55EC-8812B0FF6F5B}.Debug|Any CPU.Build.0 = Debug|Any CPU
		{440D8FF0-FE0F-80B2-55EC-8812B0FF6F5B}.Release|Any CPU.ActiveCfg = Release|Any CPU
		{440D8FF0-FE0F-80B2-55EC-8812B0FF6F5B}.Release|Any CPU.Build.0 = Release|Any CPU
		{9375C42E-C9FE-3AFC-3A4B-2DD0C9FF4DB7}.Debug|Any CPU.ActiveCfg = Debug|Any CPU
		{9375C42E-C9FE-3AFC-3A4B-2DD0C9FF4DB7}.Debug|Any CPU.Build.0 = Debug|Any CPU
		{9375C42E-C9FE-3AFC-3A4B-2DD0C9FF4DB7}.Release|Any CPU.ActiveCfg = Release|Any CPU
		{9375C42E-C9FE-3AFC-3A4B-2DD0C9FF4DB7}.Release|Any CPU.Build.0 = Release|Any CPU
		{D5D6764A-E232-CD13-0CE1-6A4450D76ABE}.Debug|Any CPU.ActiveCfg = Debug|Any CPU
		{D5D6764A-E232-CD13-0CE1-6A4450D76ABE}.Debug|Any CPU.Build.0 = Debug|Any CPU
		{D5D6764A-E232-CD13-0CE1-6A4450D76ABE}.Release|Any CPU.ActiveCfg = Release|Any CPU
		{D5D6764A-E232-CD13-0CE1-6A4450D76ABE}.Release|Any CPU.Build.0 = Release|Any CPU
		{3F655ACD-6A93-D015-54F3-3E836E57805B}.Debug|Any CPU.ActiveCfg = Debug|Any CPU
		{3F655ACD-6A93-D015-54F3-3E836E57805B}.Debug|Any CPU.Build.0 = Debug|Any CPU
		{3F655ACD-6A93-D015-54F3-3E836E57805B}.Release|Any CPU.ActiveCfg = Release|Any CPU
		{3F655ACD-6A93-D015-54F3-3E836E57805B}.Release|Any CPU.Build.0 = Release|Any CPU
		{440EE49C-3692-E6AA-0375-19F8FE232BC8}.Debug|Any CPU.ActiveCfg = Debug|Any CPU
		{440EE49C-3692-E6AA-0375-19F8FE232BC8}.Debug|Any CPU.Build.0 = Debug|Any CPU
		{440EE49C-3692-E6AA-0375-19F8FE232BC8}.Release|Any CPU.ActiveCfg = Release|Any CPU
		{440EE49C-3692-E6AA-0375-19F8FE232BC8}.Release|Any CPU.Build.0 = Release|Any CPU
		{3F228F08-C0E5-1E1D-5E72-C58872A56EEA}.Debug|Any CPU.ActiveCfg = Debug|Any CPU
		{3F228F08-C0E5-1E1D-5E72-C58872A56EEA}.Debug|Any CPU.Build.0 = Debug|Any CPU
		{3F228F08-C0E5-1E1D-5E72-C58872A56EEA}.Release|Any CPU.ActiveCfg = Release|Any CPU
		{3F228F08-C0E5-1E1D-5E72-C58872A56EEA}.Release|Any CPU.Build.0 = Release|Any CPU
	EndGlobalSection
	GlobalSection(SolutionProperties) = preSolution
		HideSolutionNode = FALSE
	EndGlobalSection
	GlobalSection(ExtensibilityGlobals) = postSolution
		SolutionGuid = {72D7588B-BA16-45BC-818E-3FF2795E8BFD}
	EndGlobalSection
EndGlobal
